
Microsoft Visual Studio Solution File, Format Version 12.00
# Visual Studio 15
Project("{FAE04EC0-301F-11D3-BF4B-00C04F79EFBC}") = "SteamVR", "SteamVR.csproj", "{81FE1FAF-9743-C65B-56B5-70992DCD3E16}"
EndProject
Project("{FAE04EC0-301F-11D3-BF4B-00C04F79EFBC}") = "SteamVR_Actions", "SteamVR_Actions.csproj", "{D0BDB014-1FD4-4E63-474E-33230C1A6C22}"
EndProject
Project("{FAE04EC0-301F-11D3-BF4B-00C04F79EFBC}") = "Assembly-CSharp", "Assembly-CSharp.csproj", "{6BF92AC6-A09D-02EB-5041-CB33C564EAC2}"
EndProject
Project("{FAE04EC0-301F-11D3-BF4B-00C04F79EFBC}") = "SteamVR_Editor", "SteamVR_Editor.csproj", "{383E78E0-C271-78FE-3F29-8D4D45E6802D}"
EndProject
Project("{FAE04EC0-301F-11D3-BF4B-00C04F79EFBC}") = "SteamVR_Input_Editor", "SteamVR_Input_Editor.csproj", "{B984D295-89C3-3407-52AF-14432CA967D9}"
EndProject
Project("{FAE04EC0-301F-11D3-BF4B-00C04F79EFBC}") = "SteamVR_Windows_EditorHelper", "SteamVR_Windows_EditorHelper.csproj", "{0DA28044-F37D-83B4-8B30-80CA6F6E9F74}"
EndProject
Global
	GlobalSection(SolutionConfigurationPlatforms) = preSolution
		Debug|Any CPU = Debug|Any CPU
		Release|Any CPU = Release|Any CPU
	EndGlobalSection
	GlobalSection(ProjectConfigurationPlatforms) = postSolution
		{81FE1FAF-9743-C65B-56B5-70992DCD3E16}.Debug|Any CPU.ActiveCfg = Debug|Any CPU
		{81FE1FAF-9743-C65B-56B5-70992DCD3E16}.Debug|Any CPU.Build.0 = Debug|Any CPU
		{81FE1FAF-9743-C65B-56B5-70992DCD3E16}.Release|Any CPU.ActiveCfg = Release|Any CPU
		{81FE1FAF-9743-C65B-56B5-70992DCD3E16}.Release|Any CPU.Build.0 = Release|Any CPU
		{D0BDB014-1FD4-4E63-474E-33230C1A6C22}.Debug|Any CPU.ActiveCfg = Debug|Any CPU
		{D0BDB014-1FD4-4E63-474E-33230C1A6C22}.Debug|Any CPU.Build.0 = Debug|Any CPU
		{D0BDB014-1FD4-4E63-474E-33230C1A6C22}.Release|Any CPU.ActiveCfg = Release|Any CPU
		{D0BDB014-1FD4-4E63-474E-33230C1A6C22}.Release|Any CPU.Build.0 = Release|Any CPU
		{6BF92AC6-A09D-02EB-5041-CB33C564EAC2}.Debug|Any CPU.ActiveCfg = Debug|Any CPU
		{6BF92AC6-A09D-02EB-5041-CB33C564EAC2}.Debug|Any CPU.Build.0 = Debug|Any CPU
		{6BF92AC6-A09D-02EB-5041-CB33C564EAC2}.Release|Any CPU.ActiveCfg = Release|Any CPU
		{6BF92AC6-A09D-02EB-5041-CB33C564EAC2}.Release|Any CPU.Build.0 = Release|Any CPU
		{383E78E0-C271-78FE-3F29-8D4D45E6802D}.Debug|Any CPU.ActiveCfg = Debug|Any CPU
		{383E78E0-C271-78FE-3F29-8D4D45E6802D}.Debug|Any CPU.Build.0 = Debug|Any CPU
		{383E78E0-C271-78FE-3F29-8D4D45E6802D}.Release|Any CPU.ActiveCfg = Release|Any CPU
		{383E78E0-C271-78FE-3F29-8D4D45E6802D}.Release|Any CPU.Build.0 = Release|Any CPU
		{B984D295-89C3-3407-52AF-14432CA967D9}.Debug|Any CPU.ActiveCfg = Debug|Any CPU
		{B984D295-89C3-3407-52AF-14432CA967D9}.Debug|Any CPU.Build.0 = Debug|Any CPU
		{B984D295-89C3-3407-52AF-14432CA967D9}.Release|Any CPU.ActiveCfg = Release|Any CPU
		{B984D295-89C3-3407-52AF-14432CA967D9}.Release|Any CPU.Build.0 = Release|Any CPU
		{0DA28044-F37D-83B4-8B30-80CA6F6E9F74}.Debug|Any CPU.ActiveCfg = Debug|Any CPU
		{0DA28044-F37D-83B4-8B30-80CA6F6E9F74}.Debug|Any CPU.Build.0 = Debug|Any CPU
		{0DA28044-F37D-83B4-8B30-80CA6F6E9F74}.Release|Any CPU.ActiveCfg = Release|Any CPU
		{0DA28044-F37D-83B4-8B30-80CA6F6E9F74}.Release|Any CPU.Build.0 = Release|Any CPU
	EndGlobalSection
	GlobalSection(SolutionProperties) = preSolution
		HideSolutionNode = FALSE
	EndGlobalSection
EndGlobal
