
Microsoft Visual Studio Solution File, Format Version 12.00
# Visual Studio 15
Project("{FAE04EC0-301F-11D3-BF4B-00C04F79EFBC}") = "SteamVR", "SteamVR.csproj", "{6A12F44B-6F30-6A9D-1DD4-C2CFCEE17881}"
EndProject
Project("{FAE04EC0-301F-11D3-BF4B-00C04F79EFBC}") = "SteamVR_Actions", "SteamVR_Actions.csproj", "{8B3876EB-FA54-1F83-47C4-031D17D974AE}"
EndProject
Project("{FAE04EC0-301F-11D3-BF4B-00C04F79EFBC}") = "Assembly-CSharp", "Assembly-CSharp.csproj", "{E29881FE-CA9D-CBDB-E429-B7510E973A8B}"
EndProject
Project("{FAE04EC0-301F-11D3-BF4B-00C04F79EFBC}") = "SteamVR_Editor", "SteamVR_Editor.csproj", "{F785CDA6-FDDF-9F99-1B29-11C56BAF2DD4}"
EndProject
Project("{FAE04EC0-301F-11D3-BF4B-00C04F79EFBC}") = "SteamVR_Input_Editor", "SteamVR_Input_Editor.csproj", "{C27AF718-145F-2231-424B-84EAF18E5157}"
EndProject
Project("{FAE04EC0-301F-11D3-BF4B-00C04F79EFBC}") = "SteamVR_Windows_EditorHelper", "SteamVR_Windows_EditorHelper.csproj", "{CEF93E97-41B4-D538-62B4-332BA50AFED9}"
EndProject
Global
	GlobalSection(SolutionConfigurationPlatforms) = preSolution
		Debug|Any CPU = Debug|Any CPU
		Release|Any CPU = Release|Any CPU
	EndGlobalSection
	GlobalSection(ProjectConfigurationPlatforms) = postSolution
		{6A12F44B-6F30-6A9D-1DD4-C2CFCEE17881}.Debug|Any CPU.ActiveCfg = Debug|Any CPU
		{6A12F44B-6F30-6A9D-1DD4-C2CFCEE17881}.Debug|Any CPU.Build.0 = Debug|Any CPU
		{6A12F44B-6F30-6A9D-1DD4-C2CFCEE17881}.Release|Any CPU.ActiveCfg = Release|Any CPU
		{6A12F44B-6F30-6A9D-1DD4-C2CFCEE17881}.Release|Any CPU.Build.0 = Release|Any CPU
		{8B3876EB-FA54-1F83-47C4-031D17D974AE}.Debug|Any CPU.ActiveCfg = Debug|Any CPU
		{8B3876EB-FA54-1F83-47C4-031D17D974AE}.Debug|Any CPU.Build.0 = Debug|Any CPU
		{8B3876EB-FA54-1F83-47C4-031D17D974AE}.Release|Any CPU.ActiveCfg = Release|Any CPU
		{8B3876EB-FA54-1F83-47C4-031D17D974AE}.Release|Any CPU.Build.0 = Release|Any CPU
		{E29881FE-CA9D-CBDB-E429-B7510E973A8B}.Debug|Any CPU.ActiveCfg = Debug|Any CPU
		{E29881FE-CA9D-CBDB-E429-B7510E973A8B}.Debug|Any CPU.Build.0 = Debug|Any CPU
		{E29881FE-CA9D-CBDB-E429-B7510E973A8B}.Release|Any CPU.ActiveCfg = Release|Any CPU
		{E29881FE-CA9D-CBDB-E429-B7510E973A8B}.Release|Any CPU.Build.0 = Release|Any CPU
		{F785CDA6-FDDF-9F99-1B29-11C56BAF2DD4}.Debug|Any CPU.ActiveCfg = Debug|Any CPU
		{F785CDA6-FDDF-9F99-1B29-11C56BAF2DD4}.Debug|Any CPU.Build.0 = Debug|Any CPU
		{F785CDA6-FDDF-9F99-1B29-11C56BAF2DD4}.Release|Any CPU.ActiveCfg = Release|Any CPU
		{F785CDA6-FDDF-9F99-1B29-11C56BAF2DD4}.Release|Any CPU.Build.0 = Release|Any CPU
		{C27AF718-145F-2231-424B-84EAF18E5157}.Debug|Any CPU.ActiveCfg = Debug|Any CPU
		{C27AF718-145F-2231-424B-84EAF18E5157}.Debug|Any CPU.Build.0 = Debug|Any CPU
		{C27AF718-145F-2231-424B-84EAF18E5157}.Release|Any CPU.ActiveCfg = Release|Any CPU
		{C27AF718-145F-2231-424B-84EAF18E5157}.Release|Any CPU.Build.0 = Release|Any CPU
		{CEF93E97-41B4-D538-62B4-332BA50AFED9}.Debug|Any CPU.ActiveCfg = Debug|Any CPU
		{CEF93E97-41B4-D538-62B4-332BA50AFED9}.Debug|Any CPU.Build.0 = Debug|Any CPU
		{CEF93E97-41B4-D538-62B4-332BA50AFED9}.Release|Any CPU.ActiveCfg = Release|Any CPU
		{CEF93E97-41B4-D538-62B4-332BA50AFED9}.Release|Any CPU.Build.0 = Release|Any CPU
	EndGlobalSection
	GlobalSection(SolutionProperties) = preSolution
		HideSolutionNode = FALSE
	EndGlobalSection
EndGlobal
